
Microsoft Visual Studio Solution File, Format Version 12.00
# Visual Studio Version 17
VisualStudioVersion = 17.8.34316.72
MinimumVisualStudioVersion = 10.0.40219.1
Project("{FAE04EC0-301F-11D3-BF4B-00C04F79EFBC}") = "pruebaTecnicaEdynamicsLog", "pruebaTecnicaEdynamicsLog.csproj", "{2367964B-BB30-411C-A187-F9EB10E418E4}"
EndProject
Global
	GlobalSection(SolutionConfigurationPlatforms) = preSolution
		Debug|Any CPU = Debug|Any CPU
		Release|Any CPU = Release|Any CPU
	EndGlobalSection
	GlobalSection(ProjectConfigurationPlatforms) = postSolution
		{2367964B-BB30-411C-A187-F9EB10E418E4}.Debug|Any CPU.ActiveCfg = Debug|Any CPU
		{2367964B-BB30-411C-A187-F9EB10E418E4}.Debug|Any CPU.Build.0 = Debug|Any CPU
		{2367964B-BB30-411C-A187-F9EB10E418E4}.Release|Any CPU.ActiveCfg = Release|Any CPU
		{2367964B-BB30-411C-A187-F9EB10E418E4}.Release|Any CPU.Build.0 = Release|Any CPU
	EndGlobalSection
	GlobalSection(SolutionProperties) = preSolution
		HideSolutionNode = FALSE
	EndGlobalSection
	GlobalSection(ExtensibilityGlobals) = postSolution
		SolutionGuid = {5F0048EC-AC88-42E6-9AAA-B6936ECC3D66}
	EndGlobalSection
EndGlobal
